// !$*UTF8*$!
{
	archiveVersion = 1;
	classes = {
	};
	objectVersion = 46;
	objects = {

/* Begin PBXBuildFile section */
		3C67C01D3C7A7479C2687160 /* Pods_vanilla.framework in Frameworks */ = {isa = PBXBuildFile; fileRef = 903DBCC4EC03B37CAC8051B9 /* Pods_vanilla.framework */; };
		C95A30D71E9835CB0034462B /* TopicCollectionViewCell.swift in Sources */ = {isa = PBXBuildFile; fileRef = C95A30D51E9835CB0034462B /* TopicCollectionViewCell.swift */; };
		C95A30D81E9835CB0034462B /* TopicCollectionViewCell.swift in Sources */ = {isa = PBXBuildFile; fileRef = C95A30D51E9835CB0034462B /* TopicCollectionViewCell.swift */; };
		C95A30D91E9835CB0034462B /* TopicCollectionViewCell.swift in Sources */ = {isa = PBXBuildFile; fileRef = C95A30D51E9835CB0034462B /* TopicCollectionViewCell.swift */; };
		C95A30DA1E9835CB0034462B /* TopicCollectionViewCell.xib in Resources */ = {isa = PBXBuildFile; fileRef = C95A30D61E9835CB0034462B /* TopicCollectionViewCell.xib */; };
		C95A30DB1E9835CB0034462B /* TopicCollectionViewCell.xib in Resources */ = {isa = PBXBuildFile; fileRef = C95A30D61E9835CB0034462B /* TopicCollectionViewCell.xib */; };
		C95A30DC1E9835CB0034462B /* TopicCollectionViewCell.xib in Resources */ = {isa = PBXBuildFile; fileRef = C95A30D61E9835CB0034462B /* TopicCollectionViewCell.xib */; };
		C98D37831E31268F0069EAB3 /* AppDelegate.swift in Sources */ = {isa = PBXBuildFile; fileRef = C98D37821E31268F0069EAB3 /* AppDelegate.swift */; };
		C98D378A1E31268F0069EAB3 /* Main.storyboard in Resources */ = {isa = PBXBuildFile; fileRef = C98D37881E31268F0069EAB3 /* Main.storyboard */; };
		C98D378C1E31268F0069EAB3 /* Assets.xcassets in Resources */ = {isa = PBXBuildFile; fileRef = C98D378B1E31268F0069EAB3 /* Assets.xcassets */; };
		C98D378F1E31268F0069EAB3 /* LaunchScreen.storyboard in Resources */ = {isa = PBXBuildFile; fileRef = C98D378D1E31268F0069EAB3 /* LaunchScreen.storyboard */; };
		C98D379A1E31268F0069EAB3 /* vanillaTests.swift in Sources */ = {isa = PBXBuildFile; fileRef = C98D37991E31268F0069EAB3 /* vanillaTests.swift */; };
		C98D37A51E31268F0069EAB3 /* vanillaUITests.swift in Sources */ = {isa = PBXBuildFile; fileRef = C98D37A41E31268F0069EAB3 /* vanillaUITests.swift */; };
		C99C12B71E7F3C3E00A85CEF /* NavigationManager.swift in Sources */ = {isa = PBXBuildFile; fileRef = C99C12B61E7F3C3E00A85CEF /* NavigationManager.swift */; };
		C99C12B81E7F3C3E00A85CEF /* NavigationManager.swift in Sources */ = {isa = PBXBuildFile; fileRef = C99C12B61E7F3C3E00A85CEF /* NavigationManager.swift */; };
		C99C12B91E7F3C3E00A85CEF /* NavigationManager.swift in Sources */ = {isa = PBXBuildFile; fileRef = C99C12B61E7F3C3E00A85CEF /* NavigationManager.swift */; };
		C99C12BB1E7F3D0100A85CEF /* TopicFeedViewController.swift in Sources */ = {isa = PBXBuildFile; fileRef = C99C12BA1E7F3D0100A85CEF /* TopicFeedViewController.swift */; };
		C99C12BC1E7F3D0100A85CEF /* TopicFeedViewController.swift in Sources */ = {isa = PBXBuildFile; fileRef = C99C12BA1E7F3D0100A85CEF /* TopicFeedViewController.swift */; };
		C99C12BD1E7F3D0100A85CEF /* TopicFeedViewController.swift in Sources */ = {isa = PBXBuildFile; fileRef = C99C12BA1E7F3D0100A85CEF /* TopicFeedViewController.swift */; };
		C99C12BF1E7F3DF800A85CEF /* TopicCollectionViewController.swift in Sources */ = {isa = PBXBuildFile; fileRef = C99C12BE1E7F3DF800A85CEF /* TopicCollectionViewController.swift */; };
		C99C12C01E7F3DF800A85CEF /* TopicCollectionViewController.swift in Sources */ = {isa = PBXBuildFile; fileRef = C99C12BE1E7F3DF800A85CEF /* TopicCollectionViewController.swift */; };
		C99C12C11E7F3DF800A85CEF /* TopicCollectionViewController.swift in Sources */ = {isa = PBXBuildFile; fileRef = C99C12BE1E7F3DF800A85CEF /* TopicCollectionViewController.swift */; };
		C99C12C71E7F408100A85CEF /* VideoRecordViewController.swift in Sources */ = {isa = PBXBuildFile; fileRef = C99C12C61E7F408100A85CEF /* VideoRecordViewController.swift */; };
		C99C12C81E7F408100A85CEF /* VideoRecordViewController.swift in Sources */ = {isa = PBXBuildFile; fileRef = C99C12C61E7F408100A85CEF /* VideoRecordViewController.swift */; };
		C99C12C91E7F408200A85CEF /* VideoRecordViewController.swift in Sources */ = {isa = PBXBuildFile; fileRef = C99C12C61E7F408100A85CEF /* VideoRecordViewController.swift */; };
		C99C12CB1E7F409900A85CEF /* VideoPreviewViewController.swift in Sources */ = {isa = PBXBuildFile; fileRef = C99C12CA1E7F409900A85CEF /* VideoPreviewViewController.swift */; };
		C99C12CC1E7F409900A85CEF /* VideoPreviewViewController.swift in Sources */ = {isa = PBXBuildFile; fileRef = C99C12CA1E7F409900A85CEF /* VideoPreviewViewController.swift */; };
		C99C12CD1E7F409900A85CEF /* VideoPreviewViewController.swift in Sources */ = {isa = PBXBuildFile; fileRef = C99C12CA1E7F409900A85CEF /* VideoPreviewViewController.swift */; };
		C99C12D31E8054F900A85CEF /* VideoRecorderManager.m in Sources */ = {isa = PBXBuildFile; fileRef = C99C12D21E8054F900A85CEF /* VideoRecorderManager.m */; };
		C99C12D41E8054F900A85CEF /* VideoRecorderManager.m in Sources */ = {isa = PBXBuildFile; fileRef = C99C12D21E8054F900A85CEF /* VideoRecorderManager.m */; };
		C99C12D51E8054F900A85CEF /* VideoRecorderManager.m in Sources */ = {isa = PBXBuildFile; fileRef = C99C12D21E8054F900A85CEF /* VideoRecorderManager.m */; };
		C99C12D71E823E6800A85CEF /* ResponseViewController.swift in Sources */ = {isa = PBXBuildFile; fileRef = C99C12D61E823E6800A85CEF /* ResponseViewController.swift */; };
		C99C12D81E823E6800A85CEF /* ResponseViewController.swift in Sources */ = {isa = PBXBuildFile; fileRef = C99C12D61E823E6800A85CEF /* ResponseViewController.swift */; };
		C99C12D91E823E6800A85CEF /* ResponseViewController.swift in Sources */ = {isa = PBXBuildFile; fileRef = C99C12D61E823E6800A85CEF /* ResponseViewController.swift */; };
		C99C12E81E84520900A85CEF /* Topic.swift in Sources */ = {isa = PBXBuildFile; fileRef = C99C12E71E84520900A85CEF /* Topic.swift */; };
		C99C12E91E84520900A85CEF /* Topic.swift in Sources */ = {isa = PBXBuildFile; fileRef = C99C12E71E84520900A85CEF /* Topic.swift */; };
		C99C12EA1E84520900A85CEF /* Topic.swift in Sources */ = {isa = PBXBuildFile; fileRef = C99C12E71E84520900A85CEF /* Topic.swift */; };
		C99C12EC1E84521700A85CEF /* TopicResponse.swift in Sources */ = {isa = PBXBuildFile; fileRef = C99C12EB1E84521700A85CEF /* TopicResponse.swift */; };
		C99C12ED1E84521700A85CEF /* TopicResponse.swift in Sources */ = {isa = PBXBuildFile; fileRef = C99C12EB1E84521700A85CEF /* TopicResponse.swift */; };
		C99C12EE1E84521700A85CEF /* TopicResponse.swift in Sources */ = {isa = PBXBuildFile; fileRef = C99C12EB1E84521700A85CEF /* TopicResponse.swift */; };
		C99C12F01E84522100A85CEF /* User.swift in Sources */ = {isa = PBXBuildFile; fileRef = C99C12EF1E84522100A85CEF /* User.swift */; };
		C99C12F11E84522100A85CEF /* User.swift in Sources */ = {isa = PBXBuildFile; fileRef = C99C12EF1E84522100A85CEF /* User.swift */; };
		C99C12F21E84522100A85CEF /* User.swift in Sources */ = {isa = PBXBuildFile; fileRef = C99C12EF1E84522100A85CEF /* User.swift */; };
/* End PBXBuildFile section */

/* Begin PBXContainerItemProxy section */
		C98D37961E31268F0069EAB3 /* PBXContainerItemProxy */ = {
			isa = PBXContainerItemProxy;
			containerPortal = C98D37771E31268F0069EAB3 /* Project object */;
			proxyType = 1;
			remoteGlobalIDString = C98D377E1E31268F0069EAB3;
			remoteInfo = vanilla;
		};
		C98D37A11E31268F0069EAB3 /* PBXContainerItemProxy */ = {
			isa = PBXContainerItemProxy;
			containerPortal = C98D37771E31268F0069EAB3 /* Project object */;
			proxyType = 1;
			remoteGlobalIDString = C98D377E1E31268F0069EAB3;
			remoteInfo = vanilla;
		};
/* End PBXContainerItemProxy section */

/* Begin PBXFileReference section */
		903DBCC4EC03B37CAC8051B9 /* Pods_vanilla.framework */ = {isa = PBXFileReference; explicitFileType = wrapper.framework; includeInIndex = 0; path = Pods_vanilla.framework; sourceTree = BUILT_PRODUCTS_DIR; };
		B482E917EBE6BD8DC184F8B7 /* Pods-vanilla.release.xcconfig */ = {isa = PBXFileReference; includeInIndex = 1; lastKnownFileType = text.xcconfig; name = "Pods-vanilla.release.xcconfig"; path = "Pods/Target Support Files/Pods-vanilla/Pods-vanilla.release.xcconfig"; sourceTree = "<group>"; };
		C95A30D51E9835CB0034462B /* TopicCollectionViewCell.swift */ = {isa = PBXFileReference; fileEncoding = 4; lastKnownFileType = sourcecode.swift; path = TopicCollectionViewCell.swift; sourceTree = "<group>"; };
		C95A30D61E9835CB0034462B /* TopicCollectionViewCell.xib */ = {isa = PBXFileReference; fileEncoding = 4; lastKnownFileType = file.xib; path = TopicCollectionViewCell.xib; sourceTree = "<group>"; };
		C98D377F1E31268F0069EAB3 /* vanilla.app */ = {isa = PBXFileReference; explicitFileType = wrapper.application; includeInIndex = 0; path = vanilla.app; sourceTree = BUILT_PRODUCTS_DIR; };
		C98D37821E31268F0069EAB3 /* AppDelegate.swift */ = {isa = PBXFileReference; lastKnownFileType = sourcecode.swift; path = AppDelegate.swift; sourceTree = "<group>"; };
		C98D37891E31268F0069EAB3 /* Base */ = {isa = PBXFileReference; lastKnownFileType = file.storyboard; name = Base; path = Base.lproj/Main.storyboard; sourceTree = "<group>"; };
		C98D378B1E31268F0069EAB3 /* Assets.xcassets */ = {isa = PBXFileReference; lastKnownFileType = folder.assetcatalog; path = Assets.xcassets; sourceTree = "<group>"; };
		C98D378E1E31268F0069EAB3 /* Base */ = {isa = PBXFileReference; lastKnownFileType = file.storyboard; name = Base; path = Base.lproj/LaunchScreen.storyboard; sourceTree = "<group>"; };
		C98D37901E31268F0069EAB3 /* Info.plist */ = {isa = PBXFileReference; lastKnownFileType = text.plist.xml; path = Info.plist; sourceTree = "<group>"; };
		C98D37951E31268F0069EAB3 /* vanillaTests.xctest */ = {isa = PBXFileReference; explicitFileType = wrapper.cfbundle; includeInIndex = 0; path = vanillaTests.xctest; sourceTree = BUILT_PRODUCTS_DIR; };
		C98D37991E31268F0069EAB3 /* vanillaTests.swift */ = {isa = PBXFileReference; lastKnownFileType = sourcecode.swift; path = vanillaTests.swift; sourceTree = "<group>"; };
		C98D379B1E31268F0069EAB3 /* Info.plist */ = {isa = PBXFileReference; lastKnownFileType = text.plist.xml; path = Info.plist; sourceTree = "<group>"; };
		C98D37A01E31268F0069EAB3 /* vanillaUITests.xctest */ = {isa = PBXFileReference; explicitFileType = wrapper.cfbundle; includeInIndex = 0; path = vanillaUITests.xctest; sourceTree = BUILT_PRODUCTS_DIR; };
		C98D37A41E31268F0069EAB3 /* vanillaUITests.swift */ = {isa = PBXFileReference; lastKnownFileType = sourcecode.swift; path = vanillaUITests.swift; sourceTree = "<group>"; };
		C98D37A61E31268F0069EAB3 /* Info.plist */ = {isa = PBXFileReference; lastKnownFileType = text.plist.xml; path = Info.plist; sourceTree = "<group>"; };
		C99C12B61E7F3C3E00A85CEF /* NavigationManager.swift */ = {isa = PBXFileReference; fileEncoding = 4; lastKnownFileType = sourcecode.swift; path = NavigationManager.swift; sourceTree = "<group>"; };
		C99C12BA1E7F3D0100A85CEF /* TopicFeedViewController.swift */ = {isa = PBXFileReference; fileEncoding = 4; lastKnownFileType = sourcecode.swift; path = TopicFeedViewController.swift; sourceTree = "<group>"; };
		C99C12BE1E7F3DF800A85CEF /* TopicCollectionViewController.swift */ = {isa = PBXFileReference; fileEncoding = 4; lastKnownFileType = sourcecode.swift; path = TopicCollectionViewController.swift; sourceTree = "<group>"; };
		C99C12C61E7F408100A85CEF /* VideoRecordViewController.swift */ = {isa = PBXFileReference; fileEncoding = 4; lastKnownFileType = sourcecode.swift; path = VideoRecordViewController.swift; sourceTree = "<group>"; };
		C99C12CA1E7F409900A85CEF /* VideoPreviewViewController.swift */ = {isa = PBXFileReference; fileEncoding = 4; lastKnownFileType = sourcecode.swift; path = VideoPreviewViewController.swift; sourceTree = "<group>"; };
		C99C12CE1E8054F800A85CEF /* vanilla-Bridging-Header.h */ = {isa = PBXFileReference; lastKnownFileType = sourcecode.c.h; path = "vanilla-Bridging-Header.h"; sourceTree = "<group>"; };
		C99C12CF1E8054F800A85CEF /* vanillaTests-Bridging-Header.h */ = {isa = PBXFileReference; lastKnownFileType = sourcecode.c.h; path = "vanillaTests-Bridging-Header.h"; sourceTree = "<group>"; };
		C99C12D01E8054F800A85CEF /* vanillaUITests-Bridging-Header.h */ = {isa = PBXFileReference; lastKnownFileType = sourcecode.c.h; path = "vanillaUITests-Bridging-Header.h"; sourceTree = "<group>"; };
		C99C12D11E8054F900A85CEF /* VideoRecorderManager.h */ = {isa = PBXFileReference; fileEncoding = 4; lastKnownFileType = sourcecode.c.h; path = VideoRecorderManager.h; sourceTree = "<group>"; };
		C99C12D21E8054F900A85CEF /* VideoRecorderManager.m */ = {isa = PBXFileReference; fileEncoding = 4; lastKnownFileType = sourcecode.c.objc; path = VideoRecorderManager.m; sourceTree = "<group>"; };
		C99C12D61E823E6800A85CEF /* ResponseViewController.swift */ = {isa = PBXFileReference; fileEncoding = 4; lastKnownFileType = sourcecode.swift; path = ResponseViewController.swift; sourceTree = "<group>"; };
		C99C12E71E84520900A85CEF /* Topic.swift */ = {isa = PBXFileReference; fileEncoding = 4; lastKnownFileType = sourcecode.swift; path = Topic.swift; sourceTree = "<group>"; };
		C99C12EB1E84521700A85CEF /* TopicResponse.swift */ = {isa = PBXFileReference; fileEncoding = 4; lastKnownFileType = sourcecode.swift; path = TopicResponse.swift; sourceTree = "<group>"; };
		C99C12EF1E84522100A85CEF /* User.swift */ = {isa = PBXFileReference; fileEncoding = 4; lastKnownFileType = sourcecode.swift; path = User.swift; sourceTree = "<group>"; };
		F0981CEB256FA93434F1E4E6 /* Pods-vanilla.debug.xcconfig */ = {isa = PBXFileReference; includeInIndex = 1; lastKnownFileType = text.xcconfig; name = "Pods-vanilla.debug.xcconfig"; path = "Pods/Target Support Files/Pods-vanilla/Pods-vanilla.debug.xcconfig"; sourceTree = "<group>"; };
/* End PBXFileReference section */

/* Begin PBXFrameworksBuildPhase section */
		C98D377C1E31268F0069EAB3 /* Frameworks */ = {
			isa = PBXFrameworksBuildPhase;
			buildActionMask = 2147483647;
			files = (
				3C67C01D3C7A7479C2687160 /* Pods_vanilla.framework in Frameworks */,
			);
			runOnlyForDeploymentPostprocessing = 0;
		};
		C98D37921E31268F0069EAB3 /* Frameworks */ = {
			isa = PBXFrameworksBuildPhase;
			buildActionMask = 2147483647;
			files = (
			);
			runOnlyForDeploymentPostprocessing = 0;
		};
		C98D379D1E31268F0069EAB3 /* Frameworks */ = {
			isa = PBXFrameworksBuildPhase;
			buildActionMask = 2147483647;
			files = (
			);
			runOnlyForDeploymentPostprocessing = 0;
		};
/* End PBXFrameworksBuildPhase section */

/* Begin PBXGroup section */
		716678288A4A3C7F0746D426 /* Pods */ = {
			isa = PBXGroup;
			children = (
				F0981CEB256FA93434F1E4E6 /* Pods-vanilla.debug.xcconfig */,
				B482E917EBE6BD8DC184F8B7 /* Pods-vanilla.release.xcconfig */,
			);
			name = Pods;
			sourceTree = "<group>";
		};
		A1F4CA94FCD65AE0E7BEDD95 /* Frameworks */ = {
			isa = PBXGroup;
			children = (
				903DBCC4EC03B37CAC8051B9 /* Pods_vanilla.framework */,
			);
			name = Frameworks;
			sourceTree = "<group>";
		};
		C98D37761E31268F0069EAB3 = {
			isa = PBXGroup;
			children = (
				C98D37811E31268F0069EAB3 /* vanilla */,
				C98D37981E31268F0069EAB3 /* vanillaTests */,
				C98D37A31E31268F0069EAB3 /* vanillaUITests */,
				C98D37801E31268F0069EAB3 /* Products */,
				716678288A4A3C7F0746D426 /* Pods */,
				A1F4CA94FCD65AE0E7BEDD95 /* Frameworks */,
			);
			sourceTree = "<group>";
		};
		C98D37801E31268F0069EAB3 /* Products */ = {
			isa = PBXGroup;
			children = (
				C98D377F1E31268F0069EAB3 /* vanilla.app */,
				C98D37951E31268F0069EAB3 /* vanillaTests.xctest */,
				C98D37A01E31268F0069EAB3 /* vanillaUITests.xctest */,
			);
			name = Products;
			sourceTree = "<group>";
		};
		C98D37811E31268F0069EAB3 /* vanilla */ = {
			isa = PBXGroup;
			children = (
				C98D37821E31268F0069EAB3 /* AppDelegate.swift */,
				C98D37881E31268F0069EAB3 /* Main.storyboard */,
				C99C12B61E7F3C3E00A85CEF /* NavigationManager.swift */,
				C99C12BA1E7F3D0100A85CEF /* TopicFeedViewController.swift */,
				C99C12BE1E7F3DF800A85CEF /* TopicCollectionViewController.swift */,
				C95A30D51E9835CB0034462B /* TopicCollectionViewCell.swift */,
				C95A30D61E9835CB0034462B /* TopicCollectionViewCell.xib */,
				C99C12C61E7F408100A85CEF /* VideoRecordViewController.swift */,
				C99C12D61E823E6800A85CEF /* ResponseViewController.swift */,
				C99C12CA1E7F409900A85CEF /* VideoPreviewViewController.swift */,
				C99C12D11E8054F900A85CEF /* VideoRecorderManager.h */,
				C99C12D21E8054F900A85CEF /* VideoRecorderManager.m */,
				C99C12DA1E84499600A85CEF /* Models */,
				C98D378B1E31268F0069EAB3 /* Assets.xcassets */,
				C98D378D1E31268F0069EAB3 /* LaunchScreen.storyboard */,
				C98D37901E31268F0069EAB3 /* Info.plist */,
				C99C12CE1E8054F800A85CEF /* vanilla-Bridging-Header.h */,
				C99C12CF1E8054F800A85CEF /* vanillaTests-Bridging-Header.h */,
				C99C12D01E8054F800A85CEF /* vanillaUITests-Bridging-Header.h */,
			);
			path = vanilla;
			sourceTree = "<group>";
		};
		C98D37981E31268F0069EAB3 /* vanillaTests */ = {
			isa = PBXGroup;
			children = (
				C98D37991E31268F0069EAB3 /* vanillaTests.swift */,
				C98D379B1E31268F0069EAB3 /* Info.plist */,
			);
			path = vanillaTests;
			sourceTree = "<group>";
		};
		C98D37A31E31268F0069EAB3 /* vanillaUITests */ = {
			isa = PBXGroup;
			children = (
				C98D37A41E31268F0069EAB3 /* vanillaUITests.swift */,
				C98D37A61E31268F0069EAB3 /* Info.plist */,
			);
			path = vanillaUITests;
			sourceTree = "<group>";
		};
		C99C12DA1E84499600A85CEF /* Models */ = {
			isa = PBXGroup;
			children = (
				C99C12E71E84520900A85CEF /* Topic.swift */,
				C99C12EB1E84521700A85CEF /* TopicResponse.swift */,
				C99C12EF1E84522100A85CEF /* User.swift */,
			);
			name = Models;
			sourceTree = "<group>";
		};
/* End PBXGroup section */

/* Begin PBXNativeTarget section */
		C98D377E1E31268F0069EAB3 /* vanilla */ = {
			isa = PBXNativeTarget;
			buildConfigurationList = C98D37A91E31268F0069EAB3 /* Build configuration list for PBXNativeTarget "vanilla" */;
			buildPhases = (
				32B6048E255D8B84D8634936 /* [CP] Check Pods Manifest.lock */,
				C98D377B1E31268F0069EAB3 /* Sources */,
				C98D377C1E31268F0069EAB3 /* Frameworks */,
				C98D377D1E31268F0069EAB3 /* Resources */,
				DC46492141AFAD1A0C89A62D /* [CP] Embed Pods Frameworks */,
				C4E69EE3F381831A15D9498E /* [CP] Copy Pods Resources */,
				C95A30C81E981A500034462B /* Crashlytics */,
			);
			buildRules = (
			);
			dependencies = (
			);
			name = vanilla;
			productName = vanilla;
			productReference = C98D377F1E31268F0069EAB3 /* vanilla.app */;
			productType = "com.apple.product-type.application";
		};
		C98D37941E31268F0069EAB3 /* vanillaTests */ = {
			isa = PBXNativeTarget;
			buildConfigurationList = C98D37AC1E31268F0069EAB3 /* Build configuration list for PBXNativeTarget "vanillaTests" */;
			buildPhases = (
				C98D37911E31268F0069EAB3 /* Sources */,
				C98D37921E31268F0069EAB3 /* Frameworks */,
				C98D37931E31268F0069EAB3 /* Resources */,
			);
			buildRules = (
			);
			dependencies = (
				C98D37971E31268F0069EAB3 /* PBXTargetDependency */,
			);
			name = vanillaTests;
			productName = vanillaTests;
			productReference = C98D37951E31268F0069EAB3 /* vanillaTests.xctest */;
			productType = "com.apple.product-type.bundle.unit-test";
		};
		C98D379F1E31268F0069EAB3 /* vanillaUITests */ = {
			isa = PBXNativeTarget;
			buildConfigurationList = C98D37AF1E31268F0069EAB3 /* Build configuration list for PBXNativeTarget "vanillaUITests" */;
			buildPhases = (
				C98D379C1E31268F0069EAB3 /* Sources */,
				C98D379D1E31268F0069EAB3 /* Frameworks */,
				C98D379E1E31268F0069EAB3 /* Resources */,
			);
			buildRules = (
			);
			dependencies = (
				C98D37A21E31268F0069EAB3 /* PBXTargetDependency */,
			);
			name = vanillaUITests;
			productName = vanillaUITests;
			productReference = C98D37A01E31268F0069EAB3 /* vanillaUITests.xctest */;
			productType = "com.apple.product-type.bundle.ui-testing";
		};
/* End PBXNativeTarget section */

/* Begin PBXProject section */
		C98D37771E31268F0069EAB3 /* Project object */ = {
			isa = PBXProject;
			attributes = {
				LastSwiftUpdateCheck = 0820;
				LastUpgradeCheck = 0820;
				ORGANIZATIONNAME = mattfolsom;
				TargetAttributes = {
					C98D377E1E31268F0069EAB3 = {
						CreatedOnToolsVersion = 8.2.1;
						DevelopmentTeam = Y4BA52GDRK;
						LastSwiftMigration = 0820;
						ProvisioningStyle = Automatic;
					};
					C98D37941E31268F0069EAB3 = {
						CreatedOnToolsVersion = 8.2.1;
						DevelopmentTeam = Y4BA52GDRK;
						LastSwiftMigration = 0820;
						ProvisioningStyle = Automatic;
						TestTargetID = C98D377E1E31268F0069EAB3;
					};
					C98D379F1E31268F0069EAB3 = {
						CreatedOnToolsVersion = 8.2.1;
						DevelopmentTeam = Y4BA52GDRK;
						LastSwiftMigration = 0820;
						ProvisioningStyle = Automatic;
						TestTargetID = C98D377E1E31268F0069EAB3;
					};
				};
			};
			buildConfigurationList = C98D377A1E31268F0069EAB3 /* Build configuration list for PBXProject "vanilla" */;
			compatibilityVersion = "Xcode 3.2";
			developmentRegion = English;
			hasScannedForEncodings = 0;
			knownRegions = (
				en,
				Base,
			);
			mainGroup = C98D37761E31268F0069EAB3;
			productRefGroup = C98D37801E31268F0069EAB3 /* Products */;
			projectDirPath = "";
			projectRoot = "";
			targets = (
				C98D377E1E31268F0069EAB3 /* vanilla */,
				C98D37941E31268F0069EAB3 /* vanillaTests */,
				C98D379F1E31268F0069EAB3 /* vanillaUITests */,
			);
		};
/* End PBXProject section */

/* Begin PBXResourcesBuildPhase section */
		C98D377D1E31268F0069EAB3 /* Resources */ = {
			isa = PBXResourcesBuildPhase;
			buildActionMask = 2147483647;
			files = (
				C98D378F1E31268F0069EAB3 /* LaunchScreen.storyboard in Resources */,
				C98D378C1E31268F0069EAB3 /* Assets.xcassets in Resources */,
				C95A30DA1E9835CB0034462B /* TopicCollectionViewCell.xib in Resources */,
				C98D378A1E31268F0069EAB3 /* Main.storyboard in Resources */,
			);
			runOnlyForDeploymentPostprocessing = 0;
		};
		C98D37931E31268F0069EAB3 /* Resources */ = {
			isa = PBXResourcesBuildPhase;
			buildActionMask = 2147483647;
			files = (
				C95A30DB1E9835CB0034462B /* TopicCollectionViewCell.xib in Resources */,
			);
			runOnlyForDeploymentPostprocessing = 0;
		};
		C98D379E1E31268F0069EAB3 /* Resources */ = {
			isa = PBXResourcesBuildPhase;
			buildActionMask = 2147483647;
			files = (
				C95A30DC1E9835CB0034462B /* TopicCollectionViewCell.xib in Resources */,
			);
			runOnlyForDeploymentPostprocessing = 0;
		};
/* End PBXResourcesBuildPhase section */

/* Begin PBXShellScriptBuildPhase section */
		32B6048E255D8B84D8634936 /* [CP] Check Pods Manifest.lock */ = {
			isa = PBXShellScriptBuildPhase;
			buildActionMask = 2147483647;
			files = (
			);
			inputPaths = (
			);
			name = "[CP] Check Pods Manifest.lock";
			outputPaths = (
			);
			runOnlyForDeploymentPostprocessing = 0;
			shellPath = /bin/sh;
			shellScript = "diff \"${PODS_ROOT}/../Podfile.lock\" \"${PODS_ROOT}/Manifest.lock\" > /dev/null\nif [ $? != 0 ] ; then\n    # print error to STDERR\n    echo \"error: The sandbox is not in sync with the Podfile.lock. Run 'pod install' or update your CocoaPods installation.\" >&2\n    exit 1\nfi\n";
			showEnvVarsInLog = 0;
		};
		C4E69EE3F381831A15D9498E /* [CP] Copy Pods Resources */ = {
			isa = PBXShellScriptBuildPhase;
			buildActionMask = 2147483647;
			files = (
			);
			inputPaths = (
			);
			name = "[CP] Copy Pods Resources";
			outputPaths = (
			);
			runOnlyForDeploymentPostprocessing = 0;
			shellPath = /bin/sh;
			shellScript = "\"${SRCROOT}/Pods/Target Support Files/Pods-vanilla/Pods-vanilla-resources.sh\"\n";
			showEnvVarsInLog = 0;
		};
		C95A30C81E981A500034462B /* Crashlytics */ = {
			isa = PBXShellScriptBuildPhase;
			buildActionMask = 2147483647;
			files = (
			);
			inputPaths = (
			);
			name = Crashlytics;
			outputPaths = (
			);
			runOnlyForDeploymentPostprocessing = 0;
			shellPath = /bin/sh;
			shellScript = "./Pods/Fabric/Fabric.framework/run 220b4242b9b15e2a53c46b07947e2326032066dc 81cbf30be145fd7e36234289f50d6648a6e4ab96d8852153e49456ce99fe215f";
		};
		DC46492141AFAD1A0C89A62D /* [CP] Embed Pods Frameworks */ = {
			isa = PBXShellScriptBuildPhase;
			buildActionMask = 2147483647;
			files = (
			);
			inputPaths = (
			);
			name = "[CP] Embed Pods Frameworks";
			outputPaths = (
			);
			runOnlyForDeploymentPostprocessing = 0;
			shellPath = /bin/sh;
			shellScript = "\"${SRCROOT}/Pods/Target Support Files/Pods-vanilla/Pods-vanilla-frameworks.sh\"\n";
			showEnvVarsInLog = 0;
		};
/* End PBXShellScriptBuildPhase section */

/* Begin PBXSourcesBuildPhase section */
		C98D377B1E31268F0069EAB3 /* Sources */ = {
			isa = PBXSourcesBuildPhase;
			buildActionMask = 2147483647;
			files = (
				C99C12CB1E7F409900A85CEF /* VideoPreviewViewController.swift in Sources */,
				C99C12E81E84520900A85CEF /* Topic.swift in Sources */,
				C95A30D71E9835CB0034462B /* TopicCollectionViewCell.swift in Sources */,
				C99C12D31E8054F900A85CEF /* VideoRecorderManager.m in Sources */,
				C99C12EC1E84521700A85CEF /* TopicResponse.swift in Sources */,
				C99C12B71E7F3C3E00A85CEF /* NavigationManager.swift in Sources */,
				C99C12BF1E7F3DF800A85CEF /* TopicCollectionViewController.swift in Sources */,
				C98D37831E31268F0069EAB3 /* AppDelegate.swift in Sources */,
				C99C12F01E84522100A85CEF /* User.swift in Sources */,
				C99C12BB1E7F3D0100A85CEF /* TopicFeedViewController.swift in Sources */,
				C99C12D71E823E6800A85CEF /* ResponseViewController.swift in Sources */,
				C99C12C71E7F408100A85CEF /* VideoRecordViewController.swift in Sources */,
			);
			runOnlyForDeploymentPostprocessing = 0;
		};
		C98D37911E31268F0069EAB3 /* Sources */ = {
			isa = PBXSourcesBuildPhase;
			buildActionMask = 2147483647;
			files = (
				C99C12C01E7F3DF800A85CEF /* TopicCollectionViewController.swift in Sources */,
				C99C12E91E84520900A85CEF /* Topic.swift in Sources */,
				C95A30D81E9835CB0034462B /* TopicCollectionViewCell.swift in Sources */,
				C99C12D41E8054F900A85CEF /* VideoRecorderManager.m in Sources */,
				C99C12ED1E84521700A85CEF /* TopicResponse.swift in Sources */,
				C98D379A1E31268F0069EAB3 /* vanillaTests.swift in Sources */,
				C99C12B81E7F3C3E00A85CEF /* NavigationManager.swift in Sources */,
				C99C12BC1E7F3D0100A85CEF /* TopicFeedViewController.swift in Sources */,
				C99C12F11E84522100A85CEF /* User.swift in Sources */,
				C99C12CC1E7F409900A85CEF /* VideoPreviewViewController.swift in Sources */,
				C99C12D81E823E6800A85CEF /* ResponseViewController.swift in Sources */,
				C99C12C81E7F408100A85CEF /* VideoRecordViewController.swift in Sources */,
			);
			runOnlyForDeploymentPostprocessing = 0;
		};
		C98D379C1E31268F0069EAB3 /* Sources */ = {
			isa = PBXSourcesBuildPhase;
			buildActionMask = 2147483647;
			files = (
				C99C12C11E7F3DF800A85CEF /* TopicCollectionViewController.swift in Sources */,
				C99C12EA1E84520900A85CEF /* Topic.swift in Sources */,
				C95A30D91E9835CB0034462B /* TopicCollectionViewCell.swift in Sources */,
				C99C12D51E8054F900A85CEF /* VideoRecorderManager.m in Sources */,
				C99C12EE1E84521700A85CEF /* TopicResponse.swift in Sources */,
				C98D37A51E31268F0069EAB3 /* vanillaUITests.swift in Sources */,
				C99C12B91E7F3C3E00A85CEF /* NavigationManager.swift in Sources */,
				C99C12BD1E7F3D0100A85CEF /* TopicFeedViewController.swift in Sources */,
				C99C12F21E84522100A85CEF /* User.swift in Sources */,
				C99C12CD1E7F409900A85CEF /* VideoPreviewViewController.swift in Sources */,
				C99C12D91E823E6800A85CEF /* ResponseViewController.swift in Sources */,
				C99C12C91E7F408200A85CEF /* VideoRecordViewController.swift in Sources */,
			);
			runOnlyForDeploymentPostprocessing = 0;
		};
/* End PBXSourcesBuildPhase section */

/* Begin PBXTargetDependency section */
		C98D37971E31268F0069EAB3 /* PBXTargetDependency */ = {
			isa = PBXTargetDependency;
			target = C98D377E1E31268F0069EAB3 /* vanilla */;
			targetProxy = C98D37961E31268F0069EAB3 /* PBXContainerItemProxy */;
		};
		C98D37A21E31268F0069EAB3 /* PBXTargetDependency */ = {
			isa = PBXTargetDependency;
			target = C98D377E1E31268F0069EAB3 /* vanilla */;
			targetProxy = C98D37A11E31268F0069EAB3 /* PBXContainerItemProxy */;
		};
/* End PBXTargetDependency section */

/* Begin PBXVariantGroup section */
		C98D37881E31268F0069EAB3 /* Main.storyboard */ = {
			isa = PBXVariantGroup;
			children = (
				C98D37891E31268F0069EAB3 /* Base */,
			);
			name = Main.storyboard;
			sourceTree = "<group>";
		};
		C98D378D1E31268F0069EAB3 /* LaunchScreen.storyboard */ = {
			isa = PBXVariantGroup;
			children = (
				C98D378E1E31268F0069EAB3 /* Base */,
			);
			name = LaunchScreen.storyboard;
			sourceTree = "<group>";
		};
/* End PBXVariantGroup section */

/* Begin XCBuildConfiguration section */
		C98D37A71E31268F0069EAB3 /* Debug */ = {
			isa = XCBuildConfiguration;
			buildSettings = {
				ALWAYS_SEARCH_USER_PATHS = NO;
				CLANG_ANALYZER_NONNULL = YES;
				CLANG_CXX_LANGUAGE_STANDARD = "gnu++0x";
				CLANG_CXX_LIBRARY = "libc++";
				CLANG_ENABLE_MODULES = YES;
				CLANG_ENABLE_OBJC_ARC = YES;
				CLANG_WARN_BOOL_CONVERSION = YES;
				CLANG_WARN_CONSTANT_CONVERSION = YES;
				CLANG_WARN_DIRECT_OBJC_ISA_USAGE = YES_ERROR;
				CLANG_WARN_DOCUMENTATION_COMMENTS = YES;
				CLANG_WARN_EMPTY_BODY = YES;
				CLANG_WARN_ENUM_CONVERSION = YES;
				CLANG_WARN_INFINITE_RECURSION = YES;
				CLANG_WARN_INT_CONVERSION = YES;
				CLANG_WARN_OBJC_ROOT_CLASS = YES_ERROR;
				CLANG_WARN_SUSPICIOUS_MOVE = YES;
				CLANG_WARN_UNREACHABLE_CODE = YES;
				CLANG_WARN__DUPLICATE_METHOD_MATCH = YES;
				"CODE_SIGN_IDENTITY[sdk=iphoneos*]" = "iPhone Developer";
				COPY_PHASE_STRIP = NO;
				DEBUG_INFORMATION_FORMAT = dwarf;
				ENABLE_STRICT_OBJC_MSGSEND = YES;
				ENABLE_TESTABILITY = YES;
				GCC_C_LANGUAGE_STANDARD = gnu99;
				GCC_DYNAMIC_NO_PIC = NO;
				GCC_NO_COMMON_BLOCKS = YES;
				GCC_OPTIMIZATION_LEVEL = 0;
				GCC_PREPROCESSOR_DEFINITIONS = (
					"DEBUG=1",
					"$(inherited)",
				);
				GCC_WARN_64_TO_32_BIT_CONVERSION = YES;
				GCC_WARN_ABOUT_RETURN_TYPE = YES_ERROR;
				GCC_WARN_UNDECLARED_SELECTOR = YES;
				GCC_WARN_UNINITIALIZED_AUTOS = YES_AGGRESSIVE;
				GCC_WARN_UNUSED_FUNCTION = YES;
				GCC_WARN_UNUSED_VARIABLE = YES;
				IPHONEOS_DEPLOYMENT_TARGET = 10.2;
				MTL_ENABLE_DEBUG_INFO = YES;
				ONLY_ACTIVE_ARCH = YES;
				SDKROOT = iphoneos;
				SWIFT_ACTIVE_COMPILATION_CONDITIONS = DEBUG;
				SWIFT_OPTIMIZATION_LEVEL = "-Onone";
				TARGETED_DEVICE_FAMILY = "1,2";
			};
			name = Debug;
		};
		C98D37A81E31268F0069EAB3 /* Release */ = {
			isa = XCBuildConfiguration;
			buildSettings = {
				ALWAYS_SEARCH_USER_PATHS = NO;
				CLANG_ANALYZER_NONNULL = YES;
				CLANG_CXX_LANGUAGE_STANDARD = "gnu++0x";
				CLANG_CXX_LIBRARY = "libc++";
				CLANG_ENABLE_MODULES = YES;
				CLANG_ENABLE_OBJC_ARC = YES;
				CLANG_WARN_BOOL_CONVERSION = YES;
				CLANG_WARN_CONSTANT_CONVERSION = YES;
				CLANG_WARN_DIRECT_OBJC_ISA_USAGE = YES_ERROR;
				CLANG_WARN_DOCUMENTATION_COMMENTS = YES;
				CLANG_WARN_EMPTY_BODY = YES;
				CLANG_WARN_ENUM_CONVERSION = YES;
				CLANG_WARN_INFINITE_RECURSION = YES;
				CLANG_WARN_INT_CONVERSION = YES;
				CLANG_WARN_OBJC_ROOT_CLASS = YES_ERROR;
				CLANG_WARN_SUSPICIOUS_MOVE = YES;
				CLANG_WARN_UNREACHABLE_CODE = YES;
				CLANG_WARN__DUPLICATE_METHOD_MATCH = YES;
				"CODE_SIGN_IDENTITY[sdk=iphoneos*]" = "iPhone Developer";
				COPY_PHASE_STRIP = NO;
				DEBUG_INFORMATION_FORMAT = "dwarf-with-dsym";
				ENABLE_NS_ASSERTIONS = NO;
				ENABLE_STRICT_OBJC_MSGSEND = YES;
				GCC_C_LANGUAGE_STANDARD = gnu99;
				GCC_NO_COMMON_BLOCKS = YES;
				GCC_WARN_64_TO_32_BIT_CONVERSION = YES;
				GCC_WARN_ABOUT_RETURN_TYPE = YES_ERROR;
				GCC_WARN_UNDECLARED_SELECTOR = YES;
				GCC_WARN_UNINITIALIZED_AUTOS = YES_AGGRESSIVE;
				GCC_WARN_UNUSED_FUNCTION = YES;
				GCC_WARN_UNUSED_VARIABLE = YES;
				IPHONEOS_DEPLOYMENT_TARGET = 10.2;
				MTL_ENABLE_DEBUG_INFO = NO;
				SDKROOT = iphoneos;
				SWIFT_OPTIMIZATION_LEVEL = "-Owholemodule";
				TARGETED_DEVICE_FAMILY = "1,2";
				VALIDATE_PRODUCT = YES;
			};
			name = Release;
		};
		C98D37AA1E31268F0069EAB3 /* Debug */ = {
			isa = XCBuildConfiguration;
			baseConfigurationReference = F0981CEB256FA93434F1E4E6 /* Pods-vanilla.debug.xcconfig */;
			buildSettings = {
				ASSETCATALOG_COMPILER_APPICON_NAME = AppIcon;
				CLANG_ENABLE_MODULES = YES;
				DEVELOPMENT_TEAM = Y4BA52GDRK;
				FRAMEWORK_SEARCH_PATHS = (
					"$(inherited)",
					"$(PROJECT_DIR)/vanilla",
				);
				INFOPLIST_FILE = vanilla/Info.plist;
				LD_RUNPATH_SEARCH_PATHS = "$(inherited) @executable_path/Frameworks";
				PRODUCT_BUNDLE_IDENTIFIER = com.mattfolsom.vanilla;
				PRODUCT_NAME = "$(TARGET_NAME)";
				SWIFT_OBJC_BRIDGING_HEADER = "vanilla/vanilla-Bridging-Header.h";
				SWIFT_OPTIMIZATION_LEVEL = "-Onone";
				SWIFT_VERSION = 3.0;
			};
			name = Debug;
		};
		C98D37AB1E31268F0069EAB3 /* Release */ = {
			isa = XCBuildConfiguration;
			baseConfigurationReference = B482E917EBE6BD8DC184F8B7 /* Pods-vanilla.release.xcconfig */;
			buildSettings = {
				ASSETCATALOG_COMPILER_APPICON_NAME = AppIcon;
				CLANG_ENABLE_MODULES = YES;
				DEVELOPMENT_TEAM = Y4BA52GDRK;
				FRAMEWORK_SEARCH_PATHS = (
					"$(inherited)",
					"$(PROJECT_DIR)/vanilla",
				);
				INFOPLIST_FILE = vanilla/Info.plist;
				LD_RUNPATH_SEARCH_PATHS = "$(inherited) @executable_path/Frameworks";
				PRODUCT_BUNDLE_IDENTIFIER = com.mattfolsom.vanilla;
				PRODUCT_NAME = "$(TARGET_NAME)";
				SWIFT_OBJC_BRIDGING_HEADER = "vanilla/vanilla-Bridging-Header.h";
				SWIFT_VERSION = 3.0;
			};
			name = Release;
		};
		C98D37AD1E31268F0069EAB3 /* Debug */ = {
			isa = XCBuildConfiguration;
			buildSettings = {
				ALWAYS_EMBED_SWIFT_STANDARD_LIBRARIES = YES;
				BUNDLE_LOADER = "$(TEST_HOST)";
				CLANG_ENABLE_MODULES = YES;
				DEVELOPMENT_TEAM = Y4BA52GDRK;
				FRAMEWORK_SEARCH_PATHS = (
					"$(inherited)",
					"$(PROJECT_DIR)/vanilla",
				);
				INFOPLIST_FILE = vanillaTests/Info.plist;
				LD_RUNPATH_SEARCH_PATHS = "$(inherited) @executable_path/Frameworks @loader_path/Frameworks";
				PRODUCT_BUNDLE_IDENTIFIER = com.mattfolsom.vanillaTests;
				PRODUCT_NAME = "$(TARGET_NAME)";
				SWIFT_OBJC_BRIDGING_HEADER = "vanilla/vanillaTests-Bridging-Header.h";
				SWIFT_OPTIMIZATION_LEVEL = "-Onone";
				SWIFT_VERSION = 3.0;
				TEST_HOST = "$(BUILT_PRODUCTS_DIR)/vanilla.app/vanilla";
			};
			name = Debug;
		};
		C98D37AE1E31268F0069EAB3 /* Release */ = {
			isa = XCBuildConfiguration;
			buildSettings = {
				ALWAYS_EMBED_SWIFT_STANDARD_LIBRARIES = YES;
				BUNDLE_LOADER = "$(TEST_HOST)";
				CLANG_ENABLE_MODULES = YES;
				DEVELOPMENT_TEAM = Y4BA52GDRK;
				FRAMEWORK_SEARCH_PATHS = (
					"$(inherited)",
					"$(PROJECT_DIR)/vanilla",
				);
				INFOPLIST_FILE = vanillaTests/Info.plist;
				LD_RUNPATH_SEARCH_PATHS = "$(inherited) @executable_path/Frameworks @loader_path/Frameworks";
				PRODUCT_BUNDLE_IDENTIFIER = com.mattfolsom.vanillaTests;
				PRODUCT_NAME = "$(TARGET_NAME)";
				SWIFT_OBJC_BRIDGING_HEADER = "vanilla/vanillaTests-Bridging-Header.h";
				SWIFT_VERSION = 3.0;
				TEST_HOST = "$(BUILT_PRODUCTS_DIR)/vanilla.app/vanilla";
			};
			name = Release;
		};
		C98D37B01E31268F0069EAB3 /* Debug */ = {
			isa = XCBuildConfiguration;
			buildSettings = {
				ALWAYS_EMBED_SWIFT_STANDARD_LIBRARIES = YES;
				CLANG_ENABLE_MODULES = YES;
				DEVELOPMENT_TEAM = Y4BA52GDRK;
				FRAMEWORK_SEARCH_PATHS = (
					"$(inherited)",
					"$(PROJECT_DIR)/vanilla",
				);
				INFOPLIST_FILE = vanillaUITests/Info.plist;
				LD_RUNPATH_SEARCH_PATHS = "$(inherited) @executable_path/Frameworks @loader_path/Frameworks";
				PRODUCT_BUNDLE_IDENTIFIER = com.mattfolsom.vanillaUITests;
				PRODUCT_NAME = "$(TARGET_NAME)";
				SWIFT_OBJC_BRIDGING_HEADER = "vanilla/vanillaUITests-Bridging-Header.h";
				SWIFT_OPTIMIZATION_LEVEL = "-Onone";
				SWIFT_VERSION = 3.0;
				TEST_TARGET_NAME = vanilla;
			};
			name = Debug;
		};
		C98D37B11E31268F0069EAB3 /* Release */ = {
			isa = XCBuildConfiguration;
			buildSettings = {
				ALWAYS_EMBED_SWIFT_STANDARD_LIBRARIES = YES;
				CLANG_ENABLE_MODULES = YES;
				DEVELOPMENT_TEAM = Y4BA52GDRK;
				FRAMEWORK_SEARCH_PATHS = (
					"$(inherited)",
					"$(PROJECT_DIR)/vanilla",
				);
				INFOPLIST_FILE = vanillaUITests/Info.plist;
				LD_RUNPATH_SEARCH_PATHS = "$(inherited) @executable_path/Frameworks @loader_path/Frameworks";
				PRODUCT_BUNDLE_IDENTIFIER = com.mattfolsom.vanillaUITests;
				PRODUCT_NAME = "$(TARGET_NAME)";
				SWIFT_OBJC_BRIDGING_HEADER = "vanilla/vanillaUITests-Bridging-Header.h";
				SWIFT_VERSION = 3.0;
				TEST_TARGET_NAME = vanilla;
			};
			name = Release;
		};
/* End XCBuildConfiguration section */

/* Begin XCConfigurationList section */
		C98D377A1E31268F0069EAB3 /* Build configuration list for PBXProject "vanilla" */ = {
			isa = XCConfigurationList;
			buildConfigurations = (
				C98D37A71E31268F0069EAB3 /* Debug */,
				C98D37A81E31268F0069EAB3 /* Release */,
			);
			defaultConfigurationIsVisible = 0;
			defaultConfigurationName = Release;
		};
		C98D37A91E31268F0069EAB3 /* Build configuration list for PBXNativeTarget "vanilla" */ = {
			isa = XCConfigurationList;
			buildConfigurations = (
				C98D37AA1E31268F0069EAB3 /* Debug */,
				C98D37AB1E31268F0069EAB3 /* Release */,
			);
			defaultConfigurationIsVisible = 0;
			defaultConfigurationName = Release;
		};
		C98D37AC1E31268F0069EAB3 /* Build configuration list for PBXNativeTarget "vanillaTests" */ = {
			isa = XCConfigurationList;
			buildConfigurations = (
				C98D37AD1E31268F0069EAB3 /* Debug */,
				C98D37AE1E31268F0069EAB3 /* Release */,
			);
			defaultConfigurationIsVisible = 0;
			defaultConfigurationName = Release;
		};
		C98D37AF1E31268F0069EAB3 /* Build configuration list for PBXNativeTarget "vanillaUITests" */ = {
			isa = XCConfigurationList;
			buildConfigurations = (
				C98D37B01E31268F0069EAB3 /* Debug */,
				C98D37B11E31268F0069EAB3 /* Release */,
			);
			defaultConfigurationIsVisible = 0;
			defaultConfigurationName = Release;
		};
/* End XCConfigurationList section */
	};
	rootObject = C98D37771E31268F0069EAB3 /* Project object */;
}
